
Microsoft Visual Studio Solution File, Format Version 12.00
# Visual Studio Version 16
VisualStudioVersion = 16.0.30711.63
MinimumVisualStudioVersion = 10.0.40219.1
Project("{FAE04EC0-301F-11D3-BF4B-00C04F79EFBC}") = "AdventOfCode", "AdventOfCode\AdventOfCode.csproj", "{9C3F69F7-0999-4221-9FF3-5FC4535A760F}"
EndProject
Project("{FAE04EC0-301F-11D3-BF4B-00C04F79EFBC}") = "AdventOfCodeLib", "AdventOfCodeLib\AdventOfCodeLib.csproj", "{1C091453-6CAD-4B35-9A8D-6A3BCD665358}"
EndProject
Project("{FAE04EC0-301F-11D3-BF4B-00C04F79EFBC}") = "Tests", "Tests\Tests.csproj", "{B735BE42-536F-44A0-A947-BDC20524FA59}"
EndProject
Global
	GlobalSection(SolutionConfigurationPlatforms) = preSolution
		Debug|Any CPU = Debug|Any CPU
		Release|Any CPU = Release|Any CPU
	EndGlobalSection
	GlobalSection(ProjectConfigurationPlatforms) = postSolution
		{9C3F69F7-0999-4221-9FF3-5FC4535A760F}.Debug|Any CPU.ActiveCfg = Debug|Any CPU
		{9C3F69F7-0999-4221-9FF3-5FC4535A760F}.Debug|Any CPU.Build.0 = Debug|Any CPU
		{9C3F69F7-0999-4221-9FF3-5FC4535A760F}.Release|Any CPU.ActiveCfg = Release|Any CPU
		{9C3F69F7-0999-4221-9FF3-5FC4535A760F}.Release|Any CPU.Build.0 = Release|Any CPU
		{1C091453-6CAD-4B35-9A8D-6A3BCD665358}.Debug|Any CPU.ActiveCfg = Debug|Any CPU
		{1C091453-6CAD-4B35-9A8D-6A3BCD665358}.Debug|Any CPU.Build.0 = Debug|Any CPU
		{1C091453-6CAD-4B35-9A8D-6A3BCD665358}.Release|Any CPU.ActiveCfg = Release|Any CPU
		{1C091453-6CAD-4B35-9A8D-6A3BCD665358}.Release|Any CPU.Build.0 = Release|Any CPU
		{B735BE42-536F-44A0-A947-BDC20524FA59}.Debug|Any CPU.ActiveCfg = Debug|Any CPU
		{B735BE42-536F-44A0-A947-BDC20524FA59}.Debug|Any CPU.Build.0 = Debug|Any CPU
		{B735BE42-536F-44A0-A947-BDC20524FA59}.Release|Any CPU.ActiveCfg = Release|Any CPU
		{B735BE42-536F-44A0-A947-BDC20524FA59}.Release|Any CPU.Build.0 = Release|Any CPU
	EndGlobalSection
	GlobalSection(SolutionProperties) = preSolution
		HideSolutionNode = FALSE
	EndGlobalSection
	GlobalSection(ExtensibilityGlobals) = postSolution
		SolutionGuid = {6B76BADB-E892-4DDD-9CF0-A3FDD1DE61A0}
	EndGlobalSection
EndGlobal
